
Microsoft Visual Studio Solution File, Format Version 12.00
# Visual Studio Version 16
VisualStudioVersion = 16.0.30907.101
MinimumVisualStudioVersion = 10.0.40219.1
Project("{FAE04EC0-301F-11D3-BF4B-00C04F79EFBC}") = "ContosoUniversity", "ContosoUniversity.csproj", "{F0B38E6A-7D8D-476E-8595-5539E3EF7FF8}"
EndProject
Global
	GlobalSection(SolutionConfigurationPlatforms) = preSolution
		Debug|Any CPU = Debug|Any CPU
		Release|Any CPU = Release|Any CPU
	EndGlobalSection
	GlobalSection(ProjectConfigurationPlatforms) = postSolution
		{F0B38E6A-7D8D-476E-8595-5539E3EF7FF8}.Debug|Any CPU.ActiveCfg = Debug|Any CPU
		{F0B38E6A-7D8D-476E-8595-5539E3EF7FF8}.Debug|Any CPU.Build.0 = Debug|Any CPU
		{F0B38E6A-7D8D-476E-8595-5539E3EF7FF8}.Release|Any CPU.ActiveCfg = Release|Any CPU
		{F0B38E6A-7D8D-476E-8595-5539E3EF7FF8}.Release|Any CPU.Build.0 = Release|Any CPU
	EndGlobalSection
	GlobalSection(SolutionProperties) = preSolution
		HideSolutionNode = FALSE
	EndGlobalSection
	GlobalSection(ExtensibilityGlobals) = postSolution
		SolutionGuid = {157D0760-E9BA-4B59-A9B9-DA972FDD94F1}
	EndGlobalSection
EndGlobal
